
Microsoft Visual Studio Solution File, Format Version 12.00
# Visual Studio Version 17
VisualStudioVersion = 17.3.32929.385
MinimumVisualStudioVersion = 10.0.40219.1
Project("{9A19103F-16F7-4668-BE54-9A1E7A4F7556}") = "Teachy", "Teachy.csproj", "{4ADB2A01-B6CD-431A-9666-DF4868799B16}"
EndProject
Project("{00D1A9C2-B5F0-4AF3-8072-F6C62B433612}") = "Teachy.Sql", "..\Teachy.Sql\Teachy.Sql.sqlproj", "{6A20A7EE-5E14-42A1-B769-87221B44DCB2}"
EndProject
Project("{FAE04EC0-301F-11D3-BF4B-00C04F79EFBC}") = "Teachy.DataAccess", "..\Teachy.DataAccess\Teachy.DataAccess.csproj", "{FFB36234-C997-4DE4-A5A2-5C3255872089}"
EndProject
Global
	GlobalSection(SolutionConfigurationPlatforms) = preSolution
		Debug|Any CPU = Debug|Any CPU
		Release|Any CPU = Release|Any CPU
	EndGlobalSection
	GlobalSection(ProjectConfigurationPlatforms) = postSolution
		{4ADB2A01-B6CD-431A-9666-DF4868799B16}.Debug|Any CPU.ActiveCfg = Debug|Any CPU
		{4ADB2A01-B6CD-431A-9666-DF4868799B16}.Debug|Any CPU.Build.0 = Debug|Any CPU
		{4ADB2A01-B6CD-431A-9666-DF4868799B16}.Release|Any CPU.ActiveCfg = Release|Any CPU
		{4ADB2A01-B6CD-431A-9666-DF4868799B16}.Release|Any CPU.Build.0 = Release|Any CPU
		{6A20A7EE-5E14-42A1-B769-87221B44DCB2}.Debug|Any CPU.ActiveCfg = Debug|Any CPU
		{6A20A7EE-5E14-42A1-B769-87221B44DCB2}.Debug|Any CPU.Build.0 = Debug|Any CPU
		{6A20A7EE-5E14-42A1-B769-87221B44DCB2}.Debug|Any CPU.Deploy.0 = Debug|Any CPU
		{6A20A7EE-5E14-42A1-B769-87221B44DCB2}.Release|Any CPU.ActiveCfg = Release|Any CPU
		{6A20A7EE-5E14-42A1-B769-87221B44DCB2}.Release|Any CPU.Build.0 = Release|Any CPU
		{6A20A7EE-5E14-42A1-B769-87221B44DCB2}.Release|Any CPU.Deploy.0 = Release|Any CPU
		{FFB36234-C997-4DE4-A5A2-5C3255872089}.Debug|Any CPU.ActiveCfg = Debug|Any CPU
		{FFB36234-C997-4DE4-A5A2-5C3255872089}.Debug|Any CPU.Build.0 = Debug|Any CPU
		{FFB36234-C997-4DE4-A5A2-5C3255872089}.Release|Any CPU.ActiveCfg = Release|Any CPU
		{FFB36234-C997-4DE4-A5A2-5C3255872089}.Release|Any CPU.Build.0 = Release|Any CPU
	EndGlobalSection
	GlobalSection(SolutionProperties) = preSolution
		HideSolutionNode = FALSE
	EndGlobalSection
	GlobalSection(ExtensibilityGlobals) = postSolution
		SolutionGuid = {66F235EA-C7EF-4A89-AE1C-033FFB38B12F}
	EndGlobalSection
EndGlobal
